{
  "version": 4,
  "terraform_version": "1.14.2",
  "serial": 14,
  "lineage": "a1ff79c8-c22f-fbbb-9707-65870cc3d326",
  "outputs": {
    "production_default_domain": {
      "value": "https://annhelinaa.azurewebsites.net",
      "type": "string"
    },
    "production_url": {
      "value": "annhelinaa.azurewebsites.net",
      "type": "string"
    },
    "staging_default_domain": {
      "value": "https://annhelinaa-staging.azurewebsites.net",
      "type": "string"
    },
    "staging_url": {
      "value": "annhelinaa-staging.azurewebsites.net",
      "type": "string"
    }
  },
  "resources": [
    {
      "mode": "managed",
      "type": "azurerm_app_service_source_control",
      "name": "staging_slot",
      "provider": "provider[\"registry.terraform.io/hashicorp/azurerm\"]",
      "instances": []
    },
    {
      "mode": "managed",
      "type": "azurerm_linux_web_app",
      "name": "main",
      "provider": "provider[\"registry.terraform.io/hashicorp/azurerm\"]",
      "instances": [
        {
          "schema_version": 1,
          "attributes": {
            "app_settings": null,
            "auth_settings": [],
            "auth_settings_v2": [],
            "backup": [],
            "client_affinity_enabled": false,
            "client_certificate_enabled": false,
            "client_certificate_exclusion_paths": "",
            "client_certificate_mode": "Required",
            "connection_string": [],
            "custom_domain_verification_id": "EE90058553A8AAD7D739E175C7447FF3D72DF4915377629876D0DFF0667A0B62",
            "default_hostname": "annhelinaa.azurewebsites.net",
            "enabled": true,
            "ftp_publish_basic_authentication_enabled": true,
            "hosting_environment_id": "",
            "https_only": false,
            "id": "/subscriptions/92c78445-2f1c-48bc-a6f3-be872057438d/resourceGroups/az104-rg9/providers/Microsoft.Web/sites/annhelinaa",
            "identity": [],
            "key_vault_reference_identity_id": "SystemAssigned",
            "kind": "app,linux",
            "location": "westeurope",
            "logs": [],
            "name": "annhelinaa",
            "outbound_ip_address_list": [
              "20.8.134.31",
              "20.8.134.93",
              "20.8.134.133",
              "20.8.134.165",
              "20.8.134.239",
              "20.8.135.5",
              "20.8.128.214",
              "20.8.130.14",
              "20.8.131.82",
              "20.8.131.85",
              "20.8.132.27",
              "20.8.132.35",
              "20.105.224.39"
            ],
            "outbound_ip_addresses": "20.8.134.31,20.8.134.93,20.8.134.133,20.8.134.165,20.8.134.239,20.8.135.5,20.8.128.214,20.8.130.14,20.8.131.82,20.8.131.85,20.8.132.27,20.8.132.35,20.105.224.39",
            "possible_outbound_ip_address_list": [
              "20.8.134.31",
              "20.8.134.93",
              "20.8.134.133",
              "20.8.134.165",
              "20.8.134.239",
              "20.8.135.5",
              "20.8.128.214",
              "20.8.130.14",
              "20.8.131.82",
              "20.8.131.85",
              "20.8.132.27",
              "20.8.132.35",
              "20.8.132.44",
              "20.8.132.120",
              "20.8.132.165",
              "20.8.133.70",
              "20.8.133.73",
              "20.8.133.107",
              "20.8.133.111",
              "20.8.133.124",
              "20.8.133.144",
              "20.31.43.7",
              "20.8.133.198",
              "20.8.133.248",
              "20.8.135.18",
              "20.8.135.36",
              "20.8.135.62",
              "20.8.135.67",
              "20.8.135.81",
              "20.8.135.103",
              "20.105.224.39"
            ],
            "possible_outbound_ip_addresses": "20.8.134.31,20.8.134.93,20.8.134.133,20.8.134.165,20.8.134.239,20.8.135.5,20.8.128.214,20.8.130.14,20.8.131.82,20.8.131.85,20.8.132.27,20.8.132.35,20.8.132.44,20.8.132.120,20.8.132.165,20.8.133.70,20.8.133.73,20.8.133.107,20.8.133.111,20.8.133.124,20.8.133.144,20.31.43.7,20.8.133.198,20.8.133.248,20.8.135.18,20.8.135.36,20.8.135.62,20.8.135.67,20.8.135.81,20.8.135.103,20.105.224.39",
            "public_network_access_enabled": true,
            "resource_group_name": "az104-rg9",
            "service_plan_id": "/subscriptions/92c78445-2f1c-48bc-a6f3-be872057438d/resourceGroups/az104-rg9/providers/Microsoft.Web/serverFarms/asp-annhelinaa",
            "site_config": [
              {
                "always_on": true,
                "api_definition_url": "",
                "api_management_api_id": "",
                "app_command_line": "",
                "application_stack": [
                  {
                    "docker_image": "",
                    "docker_image_name": "",
                    "docker_image_tag": "",
                    "docker_registry_password": "",
                    "docker_registry_url": "",
                    "docker_registry_username": "",
                    "dotnet_version": "",
                    "go_version": "",
                    "java_server": "",
                    "java_server_version": "",
                    "java_version": "",
                    "node_version": "",
                    "php_version": "8.2",
                    "python_version": "",
                    "ruby_version": ""
                  }
                ],
                "auto_heal_enabled": false,
                "auto_heal_setting": [],
                "container_registry_managed_identity_client_id": "",
                "container_registry_use_managed_identity": false,
                "cors": [],
                "default_documents": [
                  "Default.htm",
                  "Default.html",
                  "Default.asp",
                  "index.htm",
                  "index.html",
                  "iisstart.htm",
                  "default.aspx",
                  "index.php",
                  "hostingstart.html"
                ],
                "detailed_error_logging_enabled": false,
                "ftps_state": "Disabled",
                "health_check_eviction_time_in_min": 0,
                "health_check_path": "",
                "http2_enabled": false,
                "ip_restriction": [],
                "ip_restriction_default_action": "Allow",
                "linux_fx_version": "PHP|8.2",
                "load_balancing_mode": "LeastRequests",
                "local_mysql_enabled": false,
                "managed_pipeline_mode": "Integrated",
                "minimum_tls_version": "1.2",
                "remote_debugging_enabled": false,
                "remote_debugging_version": "VS2022",
                "scm_ip_restriction": [],
                "scm_ip_restriction_default_action": "Allow",
                "scm_minimum_tls_version": "1.2",
                "scm_type": "None",
                "scm_use_main_ip_restriction": false,
                "use_32_bit_worker": true,
                "vnet_route_all_enabled": false,
                "websockets_enabled": false,
                "worker_count": 1
              }
            ],
            "site_credential": [
              {
                "name": "$annhelinaa",
                "password": "aih5d4sbqYFWzuvQuTi8rvrzJL9mWaQkib6PgGSbza8dmXR1oo0FlAkwphWh"
              }
            ],
            "sticky_settings": [],
            "storage_account": [],
            "tags": null,
            "timeouts": null,
            "virtual_network_subnet_id": "",
            "webdeploy_publish_basic_authentication_enabled": true,
            "zip_deploy_file": ""
          },
          "sensitive_attributes": [
            [
              {
                "type": "get_attr",
                "value": "custom_domain_verification_id"
              }
            ],
            [
              {
                "type": "get_attr",
                "value": "site_config"
              },
              {
                "type": "index",
                "value": {
                  "value": 0,
                  "type": "number"
                }
              },
              {
                "type": "get_attr",
                "value": "application_stack"
              },
              {
                "type": "index",
                "value": {
                  "value": 0,
                  "type": "number"
                }
              },
              {
                "type": "get_attr",
                "value": "docker_registry_password"
              }
            ],
            [
              {
                "type": "get_attr",
                "value": "site_credential"
              }
            ]
          ],
          "identity_schema_version": 0,
          "private": "eyJlMmJmYjczMC1lY2FhLTExZTYtOGY4OC0zNDM2M2JjN2M0YzAiOnsiY3JlYXRlIjoxODAwMDAwMDAwMDAwLCJkZWxldGUiOjE4MDAwMDAwMDAwMDAsInJlYWQiOjMwMDAwMDAwMDAwMCwidXBkYXRlIjoxODAwMDAwMDAwMDAwfSwic2NoZW1hX3ZlcnNpb24iOiIxIn0=",
          "dependencies": [
            "azurerm_resource_group.main",
            "azurerm_service_plan.main"
          ]
        }
      ]
    },
    {
      "mode": "managed",
      "type": "azurerm_linux_web_app_slot",
      "name": "staging",
      "provider": "provider[\"registry.terraform.io/hashicorp/azurerm\"]",
      "instances": [
        {
          "schema_version": 1,
          "attributes": {
            "app_metadata": {},
            "app_service_id": "/subscriptions/92c78445-2f1c-48bc-a6f3-be872057438d/resourceGroups/az104-rg9/providers/Microsoft.Web/sites/annhelinaa",
            "app_settings": null,
            "auth_settings": [],
            "auth_settings_v2": [],
            "backup": [],
            "client_affinity_enabled": false,
            "client_certificate_enabled": false,
            "client_certificate_exclusion_paths": "",
            "client_certificate_mode": "Required",
            "connection_string": [],
            "custom_domain_verification_id": "EE90058553A8AAD7D739E175C7447FF3D72DF4915377629876D0DFF0667A0B62",
            "default_hostname": "annhelinaa-staging.azurewebsites.net",
            "enabled": true,
            "ftp_publish_basic_authentication_enabled": true,
            "hosting_environment_id": "",
            "https_only": false,
            "id": "/subscriptions/92c78445-2f1c-48bc-a6f3-be872057438d/resourceGroups/az104-rg9/providers/Microsoft.Web/sites/annhelinaa/slots/staging",
            "identity": [],
            "key_vault_reference_identity_id": "SystemAssigned",
            "kind": "app,linux",
            "logs": [],
            "name": "staging",
            "outbound_ip_address_list": [
              "20.8.134.31",
              "20.8.134.93",
              "20.8.134.133",
              "20.8.134.165",
              "20.8.134.239",
              "20.8.135.5",
              "20.8.128.214",
              "20.8.130.14",
              "20.8.131.82",
              "20.8.131.85",
              "20.8.132.27",
              "20.8.132.35",
              "20.105.224.39"
            ],
            "outbound_ip_addresses": "20.8.134.31,20.8.134.93,20.8.134.133,20.8.134.165,20.8.134.239,20.8.135.5,20.8.128.214,20.8.130.14,20.8.131.82,20.8.131.85,20.8.132.27,20.8.132.35,20.105.224.39",
            "possible_outbound_ip_address_list": [
              "20.8.134.31",
              "20.8.134.93",
              "20.8.134.133",
              "20.8.134.165",
              "20.8.134.239",
              "20.8.135.5",
              "20.8.128.214",
              "20.8.130.14",
              "20.8.131.82",
              "20.8.131.85",
              "20.8.132.27",
              "20.8.132.35",
              "20.8.132.44",
              "20.8.132.120",
              "20.8.132.165",
              "20.8.133.70",
              "20.8.133.73",
              "20.8.133.107",
              "20.8.133.111",
              "20.8.133.124",
              "20.8.133.144",
              "20.31.43.7",
              "20.8.133.198",
              "20.8.133.248",
              "20.8.135.18",
              "20.8.135.36",
              "20.8.135.62",
              "20.8.135.67",
              "20.8.135.81",
              "20.8.135.103",
              "20.105.224.39"
            ],
            "possible_outbound_ip_addresses": "20.8.134.31,20.8.134.93,20.8.134.133,20.8.134.165,20.8.134.239,20.8.135.5,20.8.128.214,20.8.130.14,20.8.131.82,20.8.131.85,20.8.132.27,20.8.132.35,20.8.132.44,20.8.132.120,20.8.132.165,20.8.133.70,20.8.133.73,20.8.133.107,20.8.133.111,20.8.133.124,20.8.133.144,20.31.43.7,20.8.133.198,20.8.133.248,20.8.135.18,20.8.135.36,20.8.135.62,20.8.135.67,20.8.135.81,20.8.135.103,20.105.224.39",
            "public_network_access_enabled": true,
            "service_plan_id": "",
            "site_config": [
              {
                "always_on": true,
                "api_definition_url": "",
                "api_management_api_id": "",
                "app_command_line": "",
                "application_stack": [
                  {
                    "docker_image": "",
                    "docker_image_name": "",
                    "docker_image_tag": "",
                    "docker_registry_password": "",
                    "docker_registry_url": "",
                    "docker_registry_username": "",
                    "dotnet_version": "",
                    "go_version": "",
                    "java_server": "",
                    "java_server_version": "",
                    "java_version": "",
                    "node_version": "",
                    "php_version": "8.2",
                    "python_version": "",
                    "ruby_version": ""
                  }
                ],
                "auto_heal_enabled": false,
                "auto_heal_setting": [],
                "auto_swap_slot_name": "",
                "container_registry_managed_identity_client_id": "",
                "container_registry_use_managed_identity": false,
                "cors": [],
                "default_documents": [
                  "Default.htm",
                  "Default.html",
                  "Default.asp",
                  "index.htm",
                  "index.html",
                  "iisstart.htm",
                  "default.aspx",
                  "index.php",
                  "hostingstart.html"
                ],
                "detailed_error_logging_enabled": false,
                "ftps_state": "Disabled",
                "health_check_eviction_time_in_min": 0,
                "health_check_path": "",
                "http2_enabled": false,
                "ip_restriction": [],
                "ip_restriction_default_action": "Allow",
                "linux_fx_version": "PHP|8.2",
                "load_balancing_mode": "LeastRequests",
                "local_mysql_enabled": false,
                "managed_pipeline_mode": "Integrated",
                "minimum_tls_version": "1.2",
                "remote_debugging_enabled": false,
                "remote_debugging_version": "VS2022",
                "scm_ip_restriction": [],
                "scm_ip_restriction_default_action": "Allow",
                "scm_minimum_tls_version": "1.2",
                "scm_type": "None",
                "scm_use_main_ip_restriction": false,
                "use_32_bit_worker": true,
                "vnet_route_all_enabled": false,
                "websockets_enabled": false,
                "worker_count": 1
              }
            ],
            "site_credential": [
              {
                "name": "$annhelinaa__staging",
                "password": "Ai6hpigzDLd0wPhibbEi4QWhppi9pHHEmXF6mSzkq93tznLaeDwpEnLDj7ws"
              }
            ],
            "storage_account": [],
            "tags": null,
            "timeouts": null,
            "virtual_network_subnet_id": "",
            "webdeploy_publish_basic_authentication_enabled": true,
            "zip_deploy_file": ""
          },
          "sensitive_attributes": [
            [
              {
                "type": "get_attr",
                "value": "custom_domain_verification_id"
              }
            ],
            [
              {
                "type": "get_attr",
                "value": "site_config"
              },
              {
                "type": "index",
                "value": {
                  "value": 0,
                  "type": "number"
                }
              },
              {
                "type": "get_attr",
                "value": "application_stack"
              },
              {
                "type": "index",
                "value": {
                  "value": 0,
                  "type": "number"
                }
              },
              {
                "type": "get_attr",
                "value": "docker_registry_password"
              }
            ],
            [
              {
                "type": "get_attr",
                "value": "site_credential"
              }
            ]
          ],
          "identity_schema_version": 0,
          "private": "eyJlMmJmYjczMC1lY2FhLTExZTYtOGY4OC0zNDM2M2JjN2M0YzAiOnsiY3JlYXRlIjoxODAwMDAwMDAwMDAwLCJkZWxldGUiOjE4MDAwMDAwMDAwMDAsInJlYWQiOjMwMDAwMDAwMDAwMCwidXBkYXRlIjoxODAwMDAwMDAwMDAwfSwic2NoZW1hX3ZlcnNpb24iOiIxIn0=",
          "dependencies": [
            "azurerm_linux_web_app.main",
            "azurerm_resource_group.main",
            "azurerm_service_plan.main"
          ]
        }
      ]
    },
    {
      "mode": "managed",
      "type": "azurerm_monitor_autoscale_setting",
      "name": "webapp_scale",
      "provider": "provider[\"registry.terraform.io/hashicorp/azurerm\"]",
      "instances": [
        {
          "schema_version": 2,
          "attributes": {
            "enabled": true,
            "id": "/subscriptions/92c78445-2f1c-48bc-a6f3-be872057438d/resourceGroups/az104-rg9/providers/Microsoft.Insights/autoScaleSettings/autoscale-annhelinaa",
            "location": "westeurope",
            "name": "autoscale-annhelinaa",
            "notification": [],
            "predictive": [],
            "profile": [
              {
                "capacity": [
                  {
                    "default": 1,
                    "maximum": 2,
                    "minimum": 1
                  }
                ],
                "fixed_date": [],
                "name": "defaultProfile",
                "recurrence": [],
                "rule": [
                  {
                    "metric_trigger": [
                      {
                        "dimensions": [],
                        "divide_by_instance_count": false,
                        "metric_name": "CpuPercentage",
                        "metric_namespace": "",
                        "metric_resource_id": "/subscriptions/92c78445-2f1c-48bc-a6f3-be872057438d/resourceGroups/az104-rg9/providers/Microsoft.Web/serverFarms/asp-annhelinaa",
                        "operator": "GreaterThan",
                        "statistic": "Average",
                        "threshold": 70,
                        "time_aggregation": "Average",
                        "time_grain": "PT1M",
                        "time_window": "PT5M"
                      }
                    ],
                    "scale_action": [
                      {
                        "cooldown": "PT5M",
                        "direction": "Increase",
                        "type": "ChangeCount",
                        "value": 1
                      }
                    ]
                  },
                  {
                    "metric_trigger": [
                      {
                        "dimensions": [],
                        "divide_by_instance_count": false,
                        "metric_name": "CpuPercentage",
                        "metric_namespace": "",
                        "metric_resource_id": "/subscriptions/92c78445-2f1c-48bc-a6f3-be872057438d/resourceGroups/az104-rg9/providers/Microsoft.Web/serverFarms/asp-annhelinaa",
                        "operator": "LessThan",
                        "statistic": "Average",
                        "threshold": 25,
                        "time_aggregation": "Average",
                        "time_grain": "PT1M",
                        "time_window": "PT5M"
                      }
                    ],
                    "scale_action": [
                      {
                        "cooldown": "PT5M",
                        "direction": "Decrease",
                        "type": "ChangeCount",
                        "value": 1
                      }
                    ]
                  }
                ]
              }
            ],
            "resource_group_name": "az104-rg9",
            "tags": null,
            "target_resource_id": "/subscriptions/92c78445-2f1c-48bc-a6f3-be872057438d/resourceGroups/az104-rg9/providers/Microsoft.Web/serverFarms/asp-annhelinaa",
            "timeouts": null
          },
          "sensitive_attributes": [],
          "identity_schema_version": 0,
          "private": "eyJlMmJmYjczMC1lY2FhLTExZTYtOGY4OC0zNDM2M2JjN2M0YzAiOnsiY3JlYXRlIjoxODAwMDAwMDAwMDAwLCJkZWxldGUiOjE4MDAwMDAwMDAwMDAsInJlYWQiOjMwMDAwMDAwMDAwMCwidXBkYXRlIjoxODAwMDAwMDAwMDAwfSwic2NoZW1hX3ZlcnNpb24iOiIyIn0=",
          "dependencies": [
            "azurerm_resource_group.main",
            "azurerm_service_plan.main"
          ]
        }
      ]
    },
    {
      "mode": "managed",
      "type": "azurerm_resource_group",
      "name": "main",
      "provider": "provider[\"registry.terraform.io/hashicorp/azurerm\"]",
      "instances": [
        {
          "schema_version": 0,
          "attributes": {
            "id": "/subscriptions/92c78445-2f1c-48bc-a6f3-be872057438d/resourceGroups/az104-rg9",
            "location": "westeurope",
            "managed_by": "",
            "name": "az104-rg9",
            "tags": {},
            "timeouts": null
          },
          "sensitive_attributes": [],
          "identity_schema_version": 0,
          "private": "eyJlMmJmYjczMC1lY2FhLTExZTYtOGY4OC0zNDM2M2JjN2M0YzAiOnsiY3JlYXRlIjo1NDAwMDAwMDAwMDAwLCJkZWxldGUiOjU0MDAwMDAwMDAwMDAsInJlYWQiOjMwMDAwMDAwMDAwMCwidXBkYXRlIjo1NDAwMDAwMDAwMDAwfX0="
        }
      ]
    },
    {
      "mode": "managed",
      "type": "azurerm_service_plan",
      "name": "main",
      "provider": "provider[\"registry.terraform.io/hashicorp/azurerm\"]",
      "instances": [
        {
          "schema_version": 1,
          "attributes": {
            "app_service_environment_id": "",
            "id": "/subscriptions/92c78445-2f1c-48bc-a6f3-be872057438d/resourceGroups/az104-rg9/providers/Microsoft.Web/serverFarms/asp-annhelinaa",
            "kind": "linux",
            "location": "westeurope",
            "maximum_elastic_worker_count": 1,
            "name": "asp-annhelinaa",
            "os_type": "Linux",
            "per_site_scaling_enabled": false,
            "reserved": true,
            "resource_group_name": "az104-rg9",
            "sku_name": "S1",
            "tags": {},
            "timeouts": null,
            "worker_count": 1,
            "zone_balancing_enabled": false
          },
          "sensitive_attributes": [],
          "identity_schema_version": 0,
          "private": "eyJlMmJmYjczMC1lY2FhLTExZTYtOGY4OC0zNDM2M2JjN2M0YzAiOnsiY3JlYXRlIjozNjAwMDAwMDAwMDAwLCJkZWxldGUiOjM2MDAwMDAwMDAwMDAsInJlYWQiOjMwMDAwMDAwMDAwMCwidXBkYXRlIjozNjAwMDAwMDAwMDAwfSwic2NoZW1hX3ZlcnNpb24iOiIxIn0=",
          "dependencies": [
            "azurerm_resource_group.main"
          ]
        }
      ]
    }
  ],
  "check_results": null
}
